
Microsoft Visual Studio Solution File, Format Version 12.00
# Visual Studio Version 17
VisualStudioVersion = 17.4.33110.190
MinimumVisualStudioVersion = 10.0.40219.1
Project("{FAE04EC0-301F-11D3-BF4B-00C04F79EFBC}") = "Triangle", "Triangle\Triangle.csproj", "{3719B599-1479-42E8-90ED-48E41CDEED55}"
EndProject
Global
	GlobalSection(SolutionConfigurationPlatforms) = preSolution
		Debug|Any CPU = Debug|Any CPU
		Release|Any CPU = Release|Any CPU
	EndGlobalSection
	GlobalSection(ProjectConfigurationPlatforms) = postSolution
		{3719B599-1479-42E8-90ED-48E41CDEED55}.Debug|Any CPU.ActiveCfg = Debug|Any CPU
		{3719B599-1479-42E8-90ED-48E41CDEED55}.Debug|Any CPU.Build.0 = Debug|Any CPU
		{3719B599-1479-42E8-90ED-48E41CDEED55}.Release|Any CPU.ActiveCfg = Release|Any CPU
		{3719B599-1479-42E8-90ED-48E41CDEED55}.Release|Any CPU.Build.0 = Release|Any CPU
	EndGlobalSection
	GlobalSection(SolutionProperties) = preSolution
		HideSolutionNode = FALSE
	EndGlobalSection
	GlobalSection(ExtensibilityGlobals) = postSolution
		SolutionGuid = {57D842AF-9DE1-4CCD-8EC4-5B287AABB2D8}
	EndGlobalSection
EndGlobal
